
Microsoft Visual Studio Solution File, Format Version 12.00
Project("{FAE04EC0-301F-11D3-BF4B-00C04F79EFBC}") = "FlappyBallsServer", "FlappyBallsServer\FlappyBallsServer.csproj", "{24A7D5FA-38B0-49F9-9C4E-78CBD4FEC620}"
EndProject
Project("{FAE04EC0-301F-11D3-BF4B-00C04F79EFBC}") = "SocketLibrary", "SocketLibrary\SocketLibrary.csproj", "{D48CE03D-D3D1-40F2-B0C4-C522A4FFDD0C}"
EndProject
Project("{FAE04EC0-301F-11D3-BF4B-00C04F79EFBC}") = "DataMapper", "DataMapper\DataMapper.csproj", "{6D50D33E-DD31-40D2-B90C-1607D653C050}"
EndProject
Global
	GlobalSection(SolutionConfigurationPlatforms) = preSolution
		Debug|Any CPU = Debug|Any CPU
		Release|Any CPU = Release|Any CPU
	EndGlobalSection
	GlobalSection(ProjectConfigurationPlatforms) = postSolution
		{24A7D5FA-38B0-49F9-9C4E-78CBD4FEC620}.Debug|Any CPU.ActiveCfg = Debug|Any CPU
		{24A7D5FA-38B0-49F9-9C4E-78CBD4FEC620}.Debug|Any CPU.Build.0 = Debug|Any CPU
		{24A7D5FA-38B0-49F9-9C4E-78CBD4FEC620}.Release|Any CPU.ActiveCfg = Release|Any CPU
		{24A7D5FA-38B0-49F9-9C4E-78CBD4FEC620}.Release|Any CPU.Build.0 = Release|Any CPU
		{D48CE03D-D3D1-40F2-B0C4-C522A4FFDD0C}.Debug|Any CPU.ActiveCfg = Debug|Any CPU
		{D48CE03D-D3D1-40F2-B0C4-C522A4FFDD0C}.Debug|Any CPU.Build.0 = Debug|Any CPU
		{D48CE03D-D3D1-40F2-B0C4-C522A4FFDD0C}.Release|Any CPU.ActiveCfg = Release|Any CPU
		{D48CE03D-D3D1-40F2-B0C4-C522A4FFDD0C}.Release|Any CPU.Build.0 = Release|Any CPU
		{6D50D33E-DD31-40D2-B90C-1607D653C050}.Debug|Any CPU.ActiveCfg = Debug|Any CPU
		{6D50D33E-DD31-40D2-B90C-1607D653C050}.Debug|Any CPU.Build.0 = Debug|Any CPU
		{6D50D33E-DD31-40D2-B90C-1607D653C050}.Release|Any CPU.ActiveCfg = Release|Any CPU
		{6D50D33E-DD31-40D2-B90C-1607D653C050}.Release|Any CPU.Build.0 = Release|Any CPU
	EndGlobalSection
EndGlobal
